
Microsoft Visual Studio Solution File, Format Version 12.00
# Visual Studio Version 17
VisualStudioVersion = 17.14.37012.4 d17.14
MinimumVisualStudioVersion = 10.0.40219.1
Project("{FAE04EC0-301F-11D3-BF4B-00C04F79EFBC}") = "GestiuneBibloteca", "GestiuneBibloteca.csproj", "{0FB77DD8-9EC9-4774-A6C1-7969A93A3146}"
EndProject
Global
	GlobalSection(SolutionConfigurationPlatforms) = preSolution
		Debug|Any CPU = Debug|Any CPU
		Release|Any CPU = Release|Any CPU
	EndGlobalSection
	GlobalSection(ProjectConfigurationPlatforms) = postSolution
		{0FB77DD8-9EC9-4774-A6C1-7969A93A3146}.Debug|Any CPU.ActiveCfg = Debug|Any CPU
		{0FB77DD8-9EC9-4774-A6C1-7969A93A3146}.Debug|Any CPU.Build.0 = Debug|Any CPU
		{0FB77DD8-9EC9-4774-A6C1-7969A93A3146}.Release|Any CPU.ActiveCfg = Release|Any CPU
		{0FB77DD8-9EC9-4774-A6C1-7969A93A3146}.Release|Any CPU.Build.0 = Release|Any CPU
	EndGlobalSection
	GlobalSection(SolutionProperties) = preSolution
		HideSolutionNode = FALSE
	EndGlobalSection
	GlobalSection(ExtensibilityGlobals) = postSolution
		SolutionGuid = {B584A898-73B0-4FC1-A9BB-7EAAB9FD6CC8}
	EndGlobalSection
EndGlobal
